
Microsoft Visual Studio Solution File, Format Version 12.00
# Visual Studio Version 16
VisualStudioVersion = 16.0.30804.86
MinimumVisualStudioVersion = 10.0.40219.1
Project("{FAE04EC0-301F-11D3-BF4B-00C04F79EFBC}") = "Number Pyramid", "Number Pyramid\Number Pyramid.csproj", "{EF476C1B-CDAA-4FD6-9DFF-179A41EAEE6D}"
EndProject
Project("{FAE04EC0-301F-11D3-BF4B-00C04F79EFBC}") = "Equal Sums Even Odd Position", "Equal Sums Even Odd Position\Equal Sums Even Odd Position.csproj", "{6AAF4D4F-91FF-405E-8381-0C5077E4C3C5}"
EndProject
Project("{FAE04EC0-301F-11D3-BF4B-00C04F79EFBC}") = "Sum Prime Non Prime", "Sum Prime Non Prime\Sum Prime Non Prime.csproj", "{15B8F1A4-9FAB-4E1B-AFE9-DD4C37B5A40C}"
EndProject
Project("{FAE04EC0-301F-11D3-BF4B-00C04F79EFBC}") = "Train The Trainers", "Train The Trainers\Train The Trainers.csproj", "{B38F5194-46A2-4C2F-9652-58CDAC9B2B1F}"
EndProject
Project("{FAE04EC0-301F-11D3-BF4B-00C04F79EFBC}") = "Password Generator", "Password Generator\Password Generator.csproj", "{DD44DA08-E2A5-400C-B3CF-57905BBCE5E2}"
EndProject
Project("{FAE04EC0-301F-11D3-BF4B-00C04F79EFBC}") = "Special Numbers", "Special Numbers\Special Numbers.csproj", "{7E790686-8F96-4B14-AC82-97E29DA9F1BF}"
EndProject
Global
	GlobalSection(SolutionConfigurationPlatforms) = preSolution
		Debug|Any CPU = Debug|Any CPU
		Release|Any CPU = Release|Any CPU
	EndGlobalSection
	GlobalSection(ProjectConfigurationPlatforms) = postSolution
		{EF476C1B-CDAA-4FD6-9DFF-179A41EAEE6D}.Debug|Any CPU.ActiveCfg = Debug|Any CPU
		{EF476C1B-CDAA-4FD6-9DFF-179A41EAEE6D}.Debug|Any CPU.Build.0 = Debug|Any CPU
		{EF476C1B-CDAA-4FD6-9DFF-179A41EAEE6D}.Release|Any CPU.ActiveCfg = Release|Any CPU
		{EF476C1B-CDAA-4FD6-9DFF-179A41EAEE6D}.Release|Any CPU.Build.0 = Release|Any CPU
		{6AAF4D4F-91FF-405E-8381-0C5077E4C3C5}.Debug|Any CPU.ActiveCfg = Debug|Any CPU
		{6AAF4D4F-91FF-405E-8381-0C5077E4C3C5}.Debug|Any CPU.Build.0 = Debug|Any CPU
		{6AAF4D4F-91FF-405E-8381-0C5077E4C3C5}.Release|Any CPU.ActiveCfg = Release|Any CPU
		{6AAF4D4F-91FF-405E-8381-0C5077E4C3C5}.Release|Any CPU.Build.0 = Release|Any CPU
		{15B8F1A4-9FAB-4E1B-AFE9-DD4C37B5A40C}.Debug|Any CPU.ActiveCfg = Debug|Any CPU
		{15B8F1A4-9FAB-4E1B-AFE9-DD4C37B5A40C}.Debug|Any CPU.Build.0 = Debug|Any CPU
		{15B8F1A4-9FAB-4E1B-AFE9-DD4C37B5A40C}.Release|Any CPU.ActiveCfg = Release|Any CPU
		{15B8F1A4-9FAB-4E1B-AFE9-DD4C37B5A40C}.Release|Any CPU.Build.0 = Release|Any CPU
		{B38F5194-46A2-4C2F-9652-58CDAC9B2B1F}.Debug|Any CPU.ActiveCfg = Debug|Any CPU
		{B38F5194-46A2-4C2F-9652-58CDAC9B2B1F}.Debug|Any CPU.Build.0 = Debug|Any CPU
		{B38F5194-46A2-4C2F-9652-58CDAC9B2B1F}.Release|Any CPU.ActiveCfg = Release|Any CPU
		{B38F5194-46A2-4C2F-9652-58CDAC9B2B1F}.Release|Any CPU.Build.0 = Release|Any CPU
		{DD44DA08-E2A5-400C-B3CF-57905BBCE5E2}.Debug|Any CPU.ActiveCfg = Debug|Any CPU
		{DD44DA08-E2A5-400C-B3CF-57905BBCE5E2}.Debug|Any CPU.Build.0 = Debug|Any CPU
		{DD44DA08-E2A5-400C-B3CF-57905BBCE5E2}.Release|Any CPU.ActiveCfg = Release|Any CPU
		{DD44DA08-E2A5-400C-B3CF-57905BBCE5E2}.Release|Any CPU.Build.0 = Release|Any CPU
		{7E790686-8F96-4B14-AC82-97E29DA9F1BF}.Debug|Any CPU.ActiveCfg = Debug|Any CPU
		{7E790686-8F96-4B14-AC82-97E29DA9F1BF}.Debug|Any CPU.Build.0 = Debug|Any CPU
		{7E790686-8F96-4B14-AC82-97E29DA9F1BF}.Release|Any CPU.ActiveCfg = Release|Any CPU
		{7E790686-8F96-4B14-AC82-97E29DA9F1BF}.Release|Any CPU.Build.0 = Release|Any CPU
	EndGlobalSection
	GlobalSection(SolutionProperties) = preSolution
		HideSolutionNode = FALSE
	EndGlobalSection
	GlobalSection(ExtensibilityGlobals) = postSolution
		SolutionGuid = {810B47D1-E5E5-41D8-911F-C0DDB8305AC5}
	EndGlobalSection
EndGlobal
